
Microsoft Visual Studio Solution File, Format Version 12.00
# Visual Studio Version 16
VisualStudioVersion = 16.0.30320.27
MinimumVisualStudioVersion = 10.0.40219.1
Project("{8BC9CEB8-8B4A-11D0-8D11-00A0C91BC942}") = "Lab5", "Lab5\Lab5.vcxproj", "{1A75D5CF-70D5-4116-A1C8-6751A18EEF62}"
EndProject
Project("{8BC9CEB8-8B4A-11D0-8D11-00A0C91BC942}") = "UnitTest", "UnitTest\UnitTest.vcxproj", "{C4FAF44D-9EBC-4BA8-B37A-401E43A9D53D}"
EndProject
Global
	GlobalSection(SolutionConfigurationPlatforms) = preSolution
		Debug|x64 = Debug|x64
		Debug|x86 = Debug|x86
		Release|x64 = Release|x64
		Release|x86 = Release|x86
	EndGlobalSection
	GlobalSection(ProjectConfigurationPlatforms) = postSolution
		{1A75D5CF-70D5-4116-A1C8-6751A18EEF62}.Debug|x64.ActiveCfg = Debug|x64
		{1A75D5CF-70D5-4116-A1C8-6751A18EEF62}.Debug|x64.Build.0 = Debug|x64
		{1A75D5CF-70D5-4116-A1C8-6751A18EEF62}.Debug|x86.ActiveCfg = Debug|Win32
		{1A75D5CF-70D5-4116-A1C8-6751A18EEF62}.Debug|x86.Build.0 = Debug|Win32
		{1A75D5CF-70D5-4116-A1C8-6751A18EEF62}.Release|x64.ActiveCfg = Release|x64
		{1A75D5CF-70D5-4116-A1C8-6751A18EEF62}.Release|x64.Build.0 = Release|x64
		{1A75D5CF-70D5-4116-A1C8-6751A18EEF62}.Release|x86.ActiveCfg = Release|Win32
		{1A75D5CF-70D5-4116-A1C8-6751A18EEF62}.Release|x86.Build.0 = Release|Win32
		{C4FAF44D-9EBC-4BA8-B37A-401E43A9D53D}.Debug|x64.ActiveCfg = Debug|x64
		{C4FAF44D-9EBC-4BA8-B37A-401E43A9D53D}.Debug|x64.Build.0 = Debug|x64
		{C4FAF44D-9EBC-4BA8-B37A-401E43A9D53D}.Debug|x86.ActiveCfg = Debug|Win32
		{C4FAF44D-9EBC-4BA8-B37A-401E43A9D53D}.Debug|x86.Build.0 = Debug|Win32
		{C4FAF44D-9EBC-4BA8-B37A-401E43A9D53D}.Release|x64.ActiveCfg = Release|x64
		{C4FAF44D-9EBC-4BA8-B37A-401E43A9D53D}.Release|x64.Build.0 = Release|x64
		{C4FAF44D-9EBC-4BA8-B37A-401E43A9D53D}.Release|x86.ActiveCfg = Release|Win32
		{C4FAF44D-9EBC-4BA8-B37A-401E43A9D53D}.Release|x86.Build.0 = Release|Win32
	EndGlobalSection
	GlobalSection(SolutionProperties) = preSolution
		HideSolutionNode = FALSE
	EndGlobalSection
	GlobalSection(ExtensibilityGlobals) = postSolution
		SolutionGuid = {1A86D9B9-378A-482D-AE5D-CE9A882EFC0D}
	EndGlobalSection
EndGlobal
